// !$*UTF8*$!
{
	archiveVersion = 1;
	classes = {
	};
	objectVersion = 56;
	objects = {

/* Begin PBXBuildFile section */
		60185FD5294FC72500EE3E8C /* Dexcom_MonitorApp.swift in Sources */ = {isa = PBXBuildFile; fileRef = 60185FD4294FC72500EE3E8C /* Dexcom_MonitorApp.swift */; };
		60185FD9294FC72600EE3E8C /* Assets.xcassets in Resources */ = {isa = PBXBuildFile; fileRef = 60185FD8294FC72600EE3E8C /* Assets.xcassets */; };
		60185FDD294FC72600EE3E8C /* Preview Assets.xcassets in Resources */ = {isa = PBXBuildFile; fileRef = 60185FDC294FC72600EE3E8C /* Preview Assets.xcassets */; };
		60185FE4294FE93A00EE3E8C /* DashboardView.swift in Sources */ = {isa = PBXBuildFile; fileRef = 60185FE3294FE93A00EE3E8C /* DashboardView.swift */; };
		60185FEB294FE9FA00EE3E8C /* UserView.swift in Sources */ = {isa = PBXBuildFile; fileRef = 60185FEA294FE9FA00EE3E8C /* UserView.swift */; };
		60185FEE29511B2700EE3E8C /* ImageTrendView.swift in Sources */ = {isa = PBXBuildFile; fileRef = 60185FED29511B2700EE3E8C /* ImageTrendView.swift */; };
		60185FF229511B7700EE3E8C /* Trend.swift in Sources */ = {isa = PBXBuildFile; fileRef = 60185FF129511B7700EE3E8C /* Trend.swift */; };
		60185FF52958E9A800EE3E8C /* InfoView.swift in Sources */ = {isa = PBXBuildFile; fileRef = 60185FF42958E9A800EE3E8C /* InfoView.swift */; };
		60185FF72958EDA800EE3E8C /* InfoType.swift in Sources */ = {isa = PBXBuildFile; fileRef = 60185FF62958EDA800EE3E8C /* InfoType.swift */; };
		60185FFA2959223400EE3E8C /* GraphView.swift in Sources */ = {isa = PBXBuildFile; fileRef = 60185FF92959223400EE3E8C /* GraphView.swift */; };
		60185FFC2959241700EE3E8C /* LineChart.swift in Sources */ = {isa = PBXBuildFile; fileRef = 60185FFB2959241700EE3E8C /* LineChart.swift */; };
		60185FFF295A2C6B00EE3E8C /* TabBarView.swift in Sources */ = {isa = PBXBuildFile; fileRef = 60185FFE295A2C6B00EE3E8C /* TabBarView.swift */; };
		60186001295A3E7200EE3E8C /* AnalyticsView.swift in Sources */ = {isa = PBXBuildFile; fileRef = 60186000295A3E7200EE3E8C /* AnalyticsView.swift */; };
		6052D32D296A175900296822 /* CalibrationsResponse.swift in Sources */ = {isa = PBXBuildFile; fileRef = 6052D32C296A175800296822 /* CalibrationsResponse.swift */; };
		6052D330296A17C900296822 /* Unit.swift in Sources */ = {isa = PBXBuildFile; fileRef = 6052D32F296A17C900296822 /* Unit.swift */; };
		6052D335296A1D8B00296822 /* DataRangeResponse.swift in Sources */ = {isa = PBXBuildFile; fileRef = 6052D334296A1D8B00296822 /* DataRangeResponse.swift */; };
		6052D33A296A1F0900296822 /* DevicesResponse.swift in Sources */ = {isa = PBXBuildFile; fileRef = 6052D339296A1F0900296822 /* DevicesResponse.swift */; };
		6052D33C296A20E400296822 /* Alert.swift in Sources */ = {isa = PBXBuildFile; fileRef = 6052D33B296A20E400296822 /* Alert.swift */; };
		6052D33F296A227100296822 /* QueryRequest.swift in Sources */ = {isa = PBXBuildFile; fileRef = 6052D33E296A227100296822 /* QueryRequest.swift */; };
		6052D341296A236B00296822 /* EventsResponse.swift in Sources */ = {isa = PBXBuildFile; fileRef = 6052D340296A236B00296822 /* EventsResponse.swift */; };
		6052D343296A23AA00296822 /* EventType.swift in Sources */ = {isa = PBXBuildFile; fileRef = 6052D342296A23AA00296822 /* EventType.swift */; };
		6052D345296A24C700296822 /* EventStatus.swift in Sources */ = {isa = PBXBuildFile; fileRef = 6052D344296A24C700296822 /* EventStatus.swift */; };
		6096A41A295B839E00BB28F9 /* SignUpView.swift in Sources */ = {isa = PBXBuildFile; fileRef = 6096A419295B839E00BB28F9 /* SignUpView.swift */; };
		6096A41E295B8DA500BB28F9 /* SignUpViewModel.swift in Sources */ = {isa = PBXBuildFile; fileRef = 6096A41D295B8DA500BB28F9 /* SignUpViewModel.swift */; };
		6096A420295B905D00BB28F9 /* NetworkError.swift in Sources */ = {isa = PBXBuildFile; fileRef = 6096A41F295B905D00BB28F9 /* NetworkError.swift */; };
		6096A423295CDA5700BB28F9 /* URL+Extensions.swift in Sources */ = {isa = PBXBuildFile; fileRef = 6096A422295CDA5700BB28F9 /* URL+Extensions.swift */; };
		6096A426295CE43B00BB28F9 /* ApiClient.swift in Sources */ = {isa = PBXBuildFile; fileRef = 6096A425295CE43B00BB28F9 /* ApiClient.swift */; };
		6096A428295CE4BD00BB28F9 /* Endpoint.swift in Sources */ = {isa = PBXBuildFile; fileRef = 6096A427295CE4BD00BB28F9 /* Endpoint.swift */; };
		6096A42A295CE5C000BB28F9 /* HTTPMethod.swift in Sources */ = {isa = PBXBuildFile; fileRef = 6096A429295CE5C000BB28F9 /* HTTPMethod.swift */; };
		6096A42C295CE66000BB28F9 /* HTTPHeaders.swift in Sources */ = {isa = PBXBuildFile; fileRef = 6096A42B295CE66000BB28F9 /* HTTPHeaders.swift */; };
		6096A42F295E1B3B00BB28F9 /* Injector.swift in Sources */ = {isa = PBXBuildFile; fileRef = 6096A42E295E1B3B00BB28F9 /* Injector.swift */; };
		6096A433295E1BBE00BB28F9 /* Environment.swift in Sources */ = {isa = PBXBuildFile; fileRef = 6096A432295E1BBE00BB28F9 /* Environment.swift */; };
		6096A435295E1D2E00BB28F9 /* Constants.swift in Sources */ = {isa = PBXBuildFile; fileRef = 6096A434295E1D2E00BB28F9 /* Constants.swift */; };
		6096A437295E1E9000BB28F9 /* Bundle+Extensions.swift in Sources */ = {isa = PBXBuildFile; fileRef = 6096A436295E1E9000BB28F9 /* Bundle+Extensions.swift */; };
		6096A439295E1EC200BB28F9 /* Optional+Extensions.swift in Sources */ = {isa = PBXBuildFile; fileRef = 6096A438295E1EC200BB28F9 /* Optional+Extensions.swift */; };
		6096A43F295E2B0100BB28F9 /* MockApiClient.swift in Sources */ = {isa = PBXBuildFile; fileRef = 6096A43E295E2B0100BB28F9 /* MockApiClient.swift */; };
		6096A441295E2C6D00BB28F9 /* Codable+Extensions.swift in Sources */ = {isa = PBXBuildFile; fileRef = 6096A440295E2C6D00BB28F9 /* Codable+Extensions.swift */; };
		6096A443295E34A600BB28F9 /* AuthTokenResponse.swift in Sources */ = {isa = PBXBuildFile; fileRef = 6096A442295E34A600BB28F9 /* AuthTokenResponse.swift */; };
		6096A447295E3E6000BB28F9 /* Data+Extensions.swift in Sources */ = {isa = PBXBuildFile; fileRef = 6096A446295E3E6000BB28F9 /* Data+Extensions.swift */; };
		6096A449295E3F8900BB28F9 /* Array+Extensions.swift in Sources */ = {isa = PBXBuildFile; fileRef = 6096A448295E3F8900BB28F9 /* Array+Extensions.swift */; };
		6096A44B295E40A200BB28F9 /* Logger.swift in Sources */ = {isa = PBXBuildFile; fileRef = 6096A44A295E40A200BB28F9 /* Logger.swift */; };
		6096A44D295F786E00BB28F9 /* Result+Extensions.swift in Sources */ = {isa = PBXBuildFile; fileRef = 6096A44C295F786E00BB28F9 /* Result+Extensions.swift */; };
		6096A44F2960D13600BB28F9 /* AuthTokenRequest.swift in Sources */ = {isa = PBXBuildFile; fileRef = 6096A44E2960D13600BB28F9 /* AuthTokenRequest.swift */; };
		6096A4512960F52700BB28F9 /* DexcomApi.swift in Sources */ = {isa = PBXBuildFile; fileRef = 6096A4502960F52700BB28F9 /* DexcomApi.swift */; };
		6096A4552961927300BB28F9 /* CacheClient.swift in Sources */ = {isa = PBXBuildFile; fileRef = 6096A4542961927300BB28F9 /* CacheClient.swift */; };
		6096A4572961969000BB28F9 /* KeychainWrapper.swift in Sources */ = {isa = PBXBuildFile; fileRef = 6096A4562961969000BB28F9 /* KeychainWrapper.swift */; };
		6096A45B2962B2A200BB28F9 /* AuthClient.swift in Sources */ = {isa = PBXBuildFile; fileRef = 6096A45A2962B2A200BB28F9 /* AuthClient.swift */; };
		6096A45D2962B31400BB28F9 /* NetworkSession.swift in Sources */ = {isa = PBXBuildFile; fileRef = 6096A45C2962B31400BB28F9 /* NetworkSession.swift */; };
		6096A45F2962B4FF00BB28F9 /* URLSession+Extensions.swift in Sources */ = {isa = PBXBuildFile; fileRef = 6096A45E2962B4FF00BB28F9 /* URLSession+Extensions.swift */; };
		6096A4652968E62200BB28F9 /* GlucoseValuesResponse.swift in Sources */ = {isa = PBXBuildFile; fileRef = 6096A4642968E62200BB28F9 /* GlucoseValuesResponse.swift */; };
/* End PBXBuildFile section */

/* Begin PBXFileReference section */
		60185FD1294FC72500EE3E8C /* Dexcom Monitor.app */ = {isa = PBXFileReference; explicitFileType = wrapper.application; includeInIndex = 0; path = "Dexcom Monitor.app"; sourceTree = BUILT_PRODUCTS_DIR; };
		60185FD4294FC72500EE3E8C /* Dexcom_MonitorApp.swift */ = {isa = PBXFileReference; lastKnownFileType = sourcecode.swift; path = Dexcom_MonitorApp.swift; sourceTree = "<group>"; };
		60185FD8294FC72600EE3E8C /* Assets.xcassets */ = {isa = PBXFileReference; lastKnownFileType = folder.assetcatalog; path = Assets.xcassets; sourceTree = "<group>"; };
		60185FDA294FC72600EE3E8C /* Dexcom_Monitor.entitlements */ = {isa = PBXFileReference; lastKnownFileType = text.plist.entitlements; path = Dexcom_Monitor.entitlements; sourceTree = "<group>"; };
		60185FDC294FC72600EE3E8C /* Preview Assets.xcassets */ = {isa = PBXFileReference; lastKnownFileType = folder.assetcatalog; path = "Preview Assets.xcassets"; sourceTree = "<group>"; };
		60185FE3294FE93A00EE3E8C /* DashboardView.swift */ = {isa = PBXFileReference; lastKnownFileType = sourcecode.swift; path = DashboardView.swift; sourceTree = "<group>"; };
		60185FEA294FE9FA00EE3E8C /* UserView.swift */ = {isa = PBXFileReference; lastKnownFileType = sourcecode.swift; path = UserView.swift; sourceTree = "<group>"; };
		60185FED29511B2700EE3E8C /* ImageTrendView.swift */ = {isa = PBXFileReference; lastKnownFileType = sourcecode.swift; path = ImageTrendView.swift; sourceTree = "<group>"; };
		60185FF129511B7700EE3E8C /* Trend.swift */ = {isa = PBXFileReference; lastKnownFileType = sourcecode.swift; path = Trend.swift; sourceTree = "<group>"; };
		60185FF42958E9A800EE3E8C /* InfoView.swift */ = {isa = PBXFileReference; lastKnownFileType = sourcecode.swift; path = InfoView.swift; sourceTree = "<group>"; };
		60185FF62958EDA800EE3E8C /* InfoType.swift */ = {isa = PBXFileReference; lastKnownFileType = sourcecode.swift; path = InfoType.swift; sourceTree = "<group>"; };
		60185FF92959223400EE3E8C /* GraphView.swift */ = {isa = PBXFileReference; lastKnownFileType = sourcecode.swift; path = GraphView.swift; sourceTree = "<group>"; };
		60185FFB2959241700EE3E8C /* LineChart.swift */ = {isa = PBXFileReference; lastKnownFileType = sourcecode.swift; path = LineChart.swift; sourceTree = "<group>"; };
		60185FFE295A2C6B00EE3E8C /* TabBarView.swift */ = {isa = PBXFileReference; lastKnownFileType = sourcecode.swift; path = TabBarView.swift; sourceTree = "<group>"; };
		60186000295A3E7200EE3E8C /* AnalyticsView.swift */ = {isa = PBXFileReference; lastKnownFileType = sourcecode.swift; path = AnalyticsView.swift; sourceTree = "<group>"; };
		6052D32C296A175800296822 /* CalibrationsResponse.swift */ = {isa = PBXFileReference; lastKnownFileType = sourcecode.swift; path = CalibrationsResponse.swift; sourceTree = "<group>"; };
		6052D32F296A17C900296822 /* Unit.swift */ = {isa = PBXFileReference; lastKnownFileType = sourcecode.swift; path = Unit.swift; sourceTree = "<group>"; };
		6052D334296A1D8B00296822 /* DataRangeResponse.swift */ = {isa = PBXFileReference; lastKnownFileType = sourcecode.swift; path = DataRangeResponse.swift; sourceTree = "<group>"; };
		6052D339296A1F0900296822 /* DevicesResponse.swift */ = {isa = PBXFileReference; lastKnownFileType = sourcecode.swift; path = DevicesResponse.swift; sourceTree = "<group>"; };
		6052D33B296A20E400296822 /* Alert.swift */ = {isa = PBXFileReference; lastKnownFileType = sourcecode.swift; path = Alert.swift; sourceTree = "<group>"; };
		6052D33E296A227100296822 /* QueryRequest.swift */ = {isa = PBXFileReference; lastKnownFileType = sourcecode.swift; path = QueryRequest.swift; sourceTree = "<group>"; };
		6052D340296A236B00296822 /* EventsResponse.swift */ = {isa = PBXFileReference; lastKnownFileType = sourcecode.swift; path = EventsResponse.swift; sourceTree = "<group>"; };
		6052D342296A23AA00296822 /* EventType.swift */ = {isa = PBXFileReference; lastKnownFileType = sourcecode.swift; path = EventType.swift; sourceTree = "<group>"; };
		6052D344296A24C700296822 /* EventStatus.swift */ = {isa = PBXFileReference; lastKnownFileType = sourcecode.swift; path = EventStatus.swift; sourceTree = "<group>"; };
		6096A419295B839E00BB28F9 /* SignUpView.swift */ = {isa = PBXFileReference; lastKnownFileType = sourcecode.swift; path = SignUpView.swift; sourceTree = "<group>"; };
		6096A41B295B8C3B00BB28F9 /* Dexcom-Monitor-Info.plist */ = {isa = PBXFileReference; lastKnownFileType = text.plist.xml; path = "Dexcom-Monitor-Info.plist"; sourceTree = SOURCE_ROOT; };
		6096A41D295B8DA500BB28F9 /* SignUpViewModel.swift */ = {isa = PBXFileReference; lastKnownFileType = sourcecode.swift; path = SignUpViewModel.swift; sourceTree = "<group>"; };
		6096A41F295B905D00BB28F9 /* NetworkError.swift */ = {isa = PBXFileReference; lastKnownFileType = sourcecode.swift; path = NetworkError.swift; sourceTree = "<group>"; };
		6096A422295CDA5700BB28F9 /* URL+Extensions.swift */ = {isa = PBXFileReference; lastKnownFileType = sourcecode.swift; path = "URL+Extensions.swift"; sourceTree = "<group>"; };
		6096A425295CE43B00BB28F9 /* ApiClient.swift */ = {isa = PBXFileReference; lastKnownFileType = sourcecode.swift; path = ApiClient.swift; sourceTree = "<group>"; };
		6096A427295CE4BD00BB28F9 /* Endpoint.swift */ = {isa = PBXFileReference; lastKnownFileType = sourcecode.swift; path = Endpoint.swift; sourceTree = "<group>"; };
		6096A429295CE5C000BB28F9 /* HTTPMethod.swift */ = {isa = PBXFileReference; lastKnownFileType = sourcecode.swift; path = HTTPMethod.swift; sourceTree = "<group>"; };
		6096A42B295CE66000BB28F9 /* HTTPHeaders.swift */ = {isa = PBXFileReference; lastKnownFileType = sourcecode.swift; path = HTTPHeaders.swift; sourceTree = "<group>"; };
		6096A42E295E1B3B00BB28F9 /* Injector.swift */ = {isa = PBXFileReference; lastKnownFileType = sourcecode.swift; path = Injector.swift; sourceTree = "<group>"; };
		6096A432295E1BBE00BB28F9 /* Environment.swift */ = {isa = PBXFileReference; lastKnownFileType = sourcecode.swift; path = Environment.swift; sourceTree = "<group>"; };
		6096A434295E1D2E00BB28F9 /* Constants.swift */ = {isa = PBXFileReference; lastKnownFileType = sourcecode.swift; path = Constants.swift; sourceTree = "<group>"; };
		6096A436295E1E9000BB28F9 /* Bundle+Extensions.swift */ = {isa = PBXFileReference; lastKnownFileType = sourcecode.swift; path = "Bundle+Extensions.swift"; sourceTree = "<group>"; };
		6096A438295E1EC200BB28F9 /* Optional+Extensions.swift */ = {isa = PBXFileReference; lastKnownFileType = sourcecode.swift; path = "Optional+Extensions.swift"; sourceTree = "<group>"; };
		6096A43E295E2B0100BB28F9 /* MockApiClient.swift */ = {isa = PBXFileReference; lastKnownFileType = sourcecode.swift; path = MockApiClient.swift; sourceTree = "<group>"; };
		6096A440295E2C6D00BB28F9 /* Codable+Extensions.swift */ = {isa = PBXFileReference; lastKnownFileType = sourcecode.swift; path = "Codable+Extensions.swift"; sourceTree = "<group>"; };
		6096A442295E34A600BB28F9 /* AuthTokenResponse.swift */ = {isa = PBXFileReference; lastKnownFileType = sourcecode.swift; path = AuthTokenResponse.swift; sourceTree = "<group>"; };
		6096A446295E3E6000BB28F9 /* Data+Extensions.swift */ = {isa = PBXFileReference; lastKnownFileType = sourcecode.swift; path = "Data+Extensions.swift"; sourceTree = "<group>"; };
		6096A448295E3F8900BB28F9 /* Array+Extensions.swift */ = {isa = PBXFileReference; lastKnownFileType = sourcecode.swift; path = "Array+Extensions.swift"; sourceTree = "<group>"; };
		6096A44A295E40A200BB28F9 /* Logger.swift */ = {isa = PBXFileReference; lastKnownFileType = sourcecode.swift; path = Logger.swift; sourceTree = "<group>"; };
		6096A44C295F786E00BB28F9 /* Result+Extensions.swift */ = {isa = PBXFileReference; lastKnownFileType = sourcecode.swift; path = "Result+Extensions.swift"; sourceTree = "<group>"; };
		6096A44E2960D13600BB28F9 /* AuthTokenRequest.swift */ = {isa = PBXFileReference; lastKnownFileType = sourcecode.swift; path = AuthTokenRequest.swift; sourceTree = "<group>"; };
		6096A4502960F52700BB28F9 /* DexcomApi.swift */ = {isa = PBXFileReference; lastKnownFileType = sourcecode.swift; path = DexcomApi.swift; sourceTree = "<group>"; };
		6096A4542961927300BB28F9 /* CacheClient.swift */ = {isa = PBXFileReference; lastKnownFileType = sourcecode.swift; path = CacheClient.swift; sourceTree = "<group>"; };
		6096A4562961969000BB28F9 /* KeychainWrapper.swift */ = {isa = PBXFileReference; lastKnownFileType = sourcecode.swift; path = KeychainWrapper.swift; sourceTree = "<group>"; };
		6096A45A2962B2A200BB28F9 /* AuthClient.swift */ = {isa = PBXFileReference; lastKnownFileType = sourcecode.swift; path = AuthClient.swift; sourceTree = "<group>"; };
		6096A45C2962B31400BB28F9 /* NetworkSession.swift */ = {isa = PBXFileReference; lastKnownFileType = sourcecode.swift; path = NetworkSession.swift; sourceTree = "<group>"; };
		6096A45E2962B4FF00BB28F9 /* URLSession+Extensions.swift */ = {isa = PBXFileReference; lastKnownFileType = sourcecode.swift; path = "URLSession+Extensions.swift"; sourceTree = "<group>"; };
		6096A4642968E62200BB28F9 /* GlucoseValuesResponse.swift */ = {isa = PBXFileReference; lastKnownFileType = sourcecode.swift; path = GlucoseValuesResponse.swift; sourceTree = "<group>"; };
/* End PBXFileReference section */

/* Begin PBXFrameworksBuildPhase section */
		60185FCE294FC72500EE3E8C /* Frameworks */ = {
			isa = PBXFrameworksBuildPhase;
			buildActionMask = 2147483647;
			files = (
			);
			runOnlyForDeploymentPostprocessing = 0;
		};
/* End PBXFrameworksBuildPhase section */

/* Begin PBXGroup section */
		60185FC8294FC72500EE3E8C = {
			isa = PBXGroup;
			children = (
				6096A41B295B8C3B00BB28F9 /* Dexcom-Monitor-Info.plist */,
				60185FD3294FC72500EE3E8C /* Dexcom Monitor */,
				60185FD2294FC72500EE3E8C /* Products */,
			);
			sourceTree = "<group>";
		};
		60185FD2294FC72500EE3E8C /* Products */ = {
			isa = PBXGroup;
			children = (
				60185FD1294FC72500EE3E8C /* Dexcom Monitor.app */,
			);
			name = Products;
			sourceTree = "<group>";
		};
		60185FD3294FC72500EE3E8C /* Dexcom Monitor */ = {
			isa = PBXGroup;
			children = (
				60185FDA294FC72600EE3E8C /* Dexcom_Monitor.entitlements */,
				60185FE5294FE94500EE3E8C /* UI */,
				60185FEF29511B5D00EE3E8C /* Classes */,
				60185FE7294FE96000EE3E8C /* Resources */,
				6096A421295CDA0F00BB28F9 /* Extensions */,
				60185FDB294FC72600EE3E8C /* Preview Content */,
			);
			path = "Dexcom Monitor";
			sourceTree = "<group>";
		};
		60185FDB294FC72600EE3E8C /* Preview Content */ = {
			isa = PBXGroup;
			children = (
				60185FDC294FC72600EE3E8C /* Preview Assets.xcassets */,
			);
			path = "Preview Content";
			sourceTree = "<group>";
		};
		60185FE5294FE94500EE3E8C /* UI */ = {
			isa = PBXGroup;
			children = (
				60185FE9294FE9D200EE3E8C /* Components */,
				60185FE8294FE9C400EE3E8C /* Views */,
			);
			path = UI;
			sourceTree = "<group>";
		};
		60185FE7294FE96000EE3E8C /* Resources */ = {
			isa = PBXGroup;
			children = (
				60185FD4294FC72500EE3E8C /* Dexcom_MonitorApp.swift */,
				60185FD8294FC72600EE3E8C /* Assets.xcassets */,
			);
			path = Resources;
			sourceTree = "<group>";
		};
		60185FE8294FE9C400EE3E8C /* Views */ = {
			isa = PBXGroup;
			children = (
				6096A41C295B8D7800BB28F9 /* SignUp */,
				60185FE3294FE93A00EE3E8C /* DashboardView.swift */,
				60186000295A3E7200EE3E8C /* AnalyticsView.swift */,
			);
			path = Views;
			sourceTree = "<group>";
		};
		60185FE9294FE9D200EE3E8C /* Components */ = {
			isa = PBXGroup;
			children = (
				60185FFD295A2C5E00EE3E8C /* TabBar */,
				60185FF82959221D00EE3E8C /* GraphView */,
				60185FF32958DBD800EE3E8C /* Info View */,
				60185FEC29511AF700EE3E8C /* User View */,
			);
			path = Components;
			sourceTree = "<group>";
		};
		60185FEC29511AF700EE3E8C /* User View */ = {
			isa = PBXGroup;
			children = (
				60185FEA294FE9FA00EE3E8C /* UserView.swift */,
				60185FED29511B2700EE3E8C /* ImageTrendView.swift */,
			);
			path = "User View";
			sourceTree = "<group>";
		};
		60185FEF29511B5D00EE3E8C /* Classes */ = {
			isa = PBXGroup;
			children = (
				6096A43D295E2AEE00BB28F9 /* Mock */,
				6096A430295E1BA800BB28F9 /* Network */,
				6096A42D295E1B2100BB28F9 /* Util */,
				6096A424295CE43100BB28F9 /* Clients */,
				60185FF029511B6600EE3E8C /* Enums */,
			);
			path = Classes;
			sourceTree = "<group>";
		};
		60185FF029511B6600EE3E8C /* Enums */ = {
			isa = PBXGroup;
			children = (
				6096A427295CE4BD00BB28F9 /* Endpoint.swift */,
				6096A41F295B905D00BB28F9 /* NetworkError.swift */,
				60185FF129511B7700EE3E8C /* Trend.swift */,
				60185FF62958EDA800EE3E8C /* InfoType.swift */,
				6096A429295CE5C000BB28F9 /* HTTPMethod.swift */,
				6096A42B295CE66000BB28F9 /* HTTPHeaders.swift */,
				6096A434295E1D2E00BB28F9 /* Constants.swift */,
			);
			path = Enums;
			sourceTree = "<group>";
		};
		60185FF32958DBD800EE3E8C /* Info View */ = {
			isa = PBXGroup;
			children = (
				60185FF42958E9A800EE3E8C /* InfoView.swift */,
			);
			path = "Info View";
			sourceTree = "<group>";
		};
		60185FF82959221D00EE3E8C /* GraphView */ = {
			isa = PBXGroup;
			children = (
				60185FF92959223400EE3E8C /* GraphView.swift */,
				60185FFB2959241700EE3E8C /* LineChart.swift */,
			);
			path = GraphView;
			sourceTree = "<group>";
		};
		60185FFD295A2C5E00EE3E8C /* TabBar */ = {
			isa = PBXGroup;
			children = (
				60185FFE295A2C6B00EE3E8C /* TabBarView.swift */,
			);
			path = TabBar;
			sourceTree = "<group>";
		};
		6052D329296A172000296822 /* Calibrations */ = {
			isa = PBXGroup;
			children = (
				6052D32C296A175800296822 /* CalibrationsResponse.swift */,
			);
			path = Calibrations;
			sourceTree = "<group>";
		};
		6052D32E296A17B500296822 /* Enums */ = {
			isa = PBXGroup;
			children = (
				6052D32F296A17C900296822 /* Unit.swift */,
				6052D33B296A20E400296822 /* Alert.swift */,
				6052D342296A23AA00296822 /* EventType.swift */,
				6052D344296A24C700296822 /* EventStatus.swift */,
			);
			path = Enums;
			sourceTree = "<group>";
		};
		6052D331296A1D5D00296822 /* Data Range */ = {
			isa = PBXGroup;
			children = (
				6052D334296A1D8B00296822 /* DataRangeResponse.swift */,
			);
			path = "Data Range";
			sourceTree = "<group>";
		};
		6052D336296A1EE100296822 /* Devices */ = {
			isa = PBXGroup;
			children = (
				6052D339296A1F0900296822 /* DevicesResponse.swift */,
			);
			path = Devices;
			sourceTree = "<group>";
		};
		6052D33D296A226100296822 /* Events */ = {
			isa = PBXGroup;
			children = (
				6052D340296A236B00296822 /* EventsResponse.swift */,
			);
			path = Events;
			sourceTree = "<group>";
		};
		6096A41C295B8D7800BB28F9 /* SignUp */ = {
			isa = PBXGroup;
			children = (
				6096A419295B839E00BB28F9 /* SignUpView.swift */,
				6096A41D295B8DA500BB28F9 /* SignUpViewModel.swift */,
			);
			path = SignUp;
			sourceTree = "<group>";
		};
		6096A421295CDA0F00BB28F9 /* Extensions */ = {
			isa = PBXGroup;
			children = (
				6096A422295CDA5700BB28F9 /* URL+Extensions.swift */,
				6096A436295E1E9000BB28F9 /* Bundle+Extensions.swift */,
				6096A438295E1EC200BB28F9 /* Optional+Extensions.swift */,
				6096A440295E2C6D00BB28F9 /* Codable+Extensions.swift */,
				6096A446295E3E6000BB28F9 /* Data+Extensions.swift */,
				6096A448295E3F8900BB28F9 /* Array+Extensions.swift */,
				6096A44C295F786E00BB28F9 /* Result+Extensions.swift */,
				6096A45E2962B4FF00BB28F9 /* URLSession+Extensions.swift */,
			);
			path = Extensions;
			sourceTree = "<group>";
		};
		6096A424295CE43100BB28F9 /* Clients */ = {
			isa = PBXGroup;
			children = (
				6096A425295CE43B00BB28F9 /* ApiClient.swift */,
				6096A4502960F52700BB28F9 /* DexcomApi.swift */,
				6096A4542961927300BB28F9 /* CacheClient.swift */,
				6096A45A2962B2A200BB28F9 /* AuthClient.swift */,
			);
			path = Clients;
			sourceTree = "<group>";
		};
		6096A42D295E1B2100BB28F9 /* Util */ = {
			isa = PBXGroup;
			children = (
				6096A42E295E1B3B00BB28F9 /* Injector.swift */,
				6096A44A295E40A200BB28F9 /* Logger.swift */,
				6096A4562961969000BB28F9 /* KeychainWrapper.swift */,
				6096A45C2962B31400BB28F9 /* NetworkSession.swift */,
			);
			path = Util;
			sourceTree = "<group>";
		};
		6096A430295E1BA800BB28F9 /* Network */ = {
			isa = PBXGroup;
			children = (
				6052D32E296A17B500296822 /* Enums */,
				6096A43A295E22E800BB28F9 /* Models */,
				6096A431295E1BB200BB28F9 /* Config */,
			);
			path = Network;
			sourceTree = "<group>";
		};
		6096A431295E1BB200BB28F9 /* Config */ = {
			isa = PBXGroup;
			children = (
				6096A432295E1BBE00BB28F9 /* Environment.swift */,
			);
			path = Config;
			sourceTree = "<group>";
		};
		6096A43A295E22E800BB28F9 /* Models */ = {
			isa = PBXGroup;
			children = (
				6052D33D296A226100296822 /* Events */,
				6052D336296A1EE100296822 /* Devices */,
				6052D331296A1D5D00296822 /* Data Range */,
				6052D329296A172000296822 /* Calibrations */,
				6096A4612968E60800BB28F9 /* Glucose */,
				6096A4602968E5FE00BB28F9 /* Auth */,
				6052D33E296A227100296822 /* QueryRequest.swift */,
			);
			path = Models;
			sourceTree = "<group>";
		};
		6096A43D295E2AEE00BB28F9 /* Mock */ = {
			isa = PBXGroup;
			children = (
				6096A43E295E2B0100BB28F9 /* MockApiClient.swift */,
			);
			path = Mock;
			sourceTree = "<group>";
		};
		6096A4602968E5FE00BB28F9 /* Auth */ = {
			isa = PBXGroup;
			children = (
				6096A442295E34A600BB28F9 /* AuthTokenResponse.swift */,
				6096A44E2960D13600BB28F9 /* AuthTokenRequest.swift */,
			);
			path = Auth;
			sourceTree = "<group>";
		};
		6096A4612968E60800BB28F9 /* Glucose */ = {
			isa = PBXGroup;
			children = (
				6096A4642968E62200BB28F9 /* GlucoseValuesResponse.swift */,
			);
			path = Glucose;
			sourceTree = "<group>";
		};
/* End PBXGroup section */

/* Begin PBXNativeTarget section */
		60185FD0294FC72500EE3E8C /* Dexcom Monitor */ = {
			isa = PBXNativeTarget;
			buildConfigurationList = 60185FE0294FC72600EE3E8C /* Build configuration list for PBXNativeTarget "Dexcom Monitor" */;
			buildPhases = (
				60185FCD294FC72500EE3E8C /* Sources */,
				60185FCE294FC72500EE3E8C /* Frameworks */,
				60185FCF294FC72500EE3E8C /* Resources */,
			);
			buildRules = (
			);
			dependencies = (
			);
			name = "Dexcom Monitor";
			productName = "Dexcom Monitor";
			productReference = 60185FD1294FC72500EE3E8C /* Dexcom Monitor.app */;
			productType = "com.apple.product-type.application";
		};
/* End PBXNativeTarget section */

/* Begin PBXProject section */
		60185FC9294FC72500EE3E8C /* Project object */ = {
			isa = PBXProject;
			attributes = {
				BuildIndependentTargetsInParallel = 1;
				LastSwiftUpdateCheck = 1400;
				LastUpgradeCheck = 1400;
				TargetAttributes = {
					60185FD0294FC72500EE3E8C = {
						CreatedOnToolsVersion = 14.0.1;
					};
				};
			};
			buildConfigurationList = 60185FCC294FC72500EE3E8C /* Build configuration list for PBXProject "Dexcom Monitor" */;
			compatibilityVersion = "Xcode 14.0";
			developmentRegion = en;
			hasScannedForEncodings = 0;
			knownRegions = (
				en,
				Base,
			);
			mainGroup = 60185FC8294FC72500EE3E8C;
			productRefGroup = 60185FD2294FC72500EE3E8C /* Products */;
			projectDirPath = "";
			projectRoot = "";
			targets = (
				60185FD0294FC72500EE3E8C /* Dexcom Monitor */,
			);
		};
/* End PBXProject section */

/* Begin PBXResourcesBuildPhase section */
		60185FCF294FC72500EE3E8C /* Resources */ = {
			isa = PBXResourcesBuildPhase;
			buildActionMask = 2147483647;
			files = (
				60185FDD294FC72600EE3E8C /* Preview Assets.xcassets in Resources */,
				60185FD9294FC72600EE3E8C /* Assets.xcassets in Resources */,
			);
			runOnlyForDeploymentPostprocessing = 0;
		};
/* End PBXResourcesBuildPhase section */

/* Begin PBXSourcesBuildPhase section */
		60185FCD294FC72500EE3E8C /* Sources */ = {
			isa = PBXSourcesBuildPhase;
			buildActionMask = 2147483647;
			files = (
				6052D33A296A1F0900296822 /* DevicesResponse.swift in Sources */,
				6052D341296A236B00296822 /* EventsResponse.swift in Sources */,
				6052D345296A24C700296822 /* EventStatus.swift in Sources */,
				6096A44B295E40A200BB28F9 /* Logger.swift in Sources */,
				6096A437295E1E9000BB28F9 /* Bundle+Extensions.swift in Sources */,
				6052D33C296A20E400296822 /* Alert.swift in Sources */,
				6052D330296A17C900296822 /* Unit.swift in Sources */,
				6096A449295E3F8900BB28F9 /* Array+Extensions.swift in Sources */,
				60185FE4294FE93A00EE3E8C /* DashboardView.swift in Sources */,
				6096A4572961969000BB28F9 /* KeychainWrapper.swift in Sources */,
				6096A4552961927300BB28F9 /* CacheClient.swift in Sources */,
				6096A435295E1D2E00BB28F9 /* Constants.swift in Sources */,
				6096A43F295E2B0100BB28F9 /* MockApiClient.swift in Sources */,
				6052D33F296A227100296822 /* QueryRequest.swift in Sources */,
				6052D343296A23AA00296822 /* EventType.swift in Sources */,
				6096A420295B905D00BB28F9 /* NetworkError.swift in Sources */,
				6096A428295CE4BD00BB28F9 /* Endpoint.swift in Sources */,
				6096A41E295B8DA500BB28F9 /* SignUpViewModel.swift in Sources */,
				6096A426295CE43B00BB28F9 /* ApiClient.swift in Sources */,
				6096A41A295B839E00BB28F9 /* SignUpView.swift in Sources */,
				6096A44D295F786E00BB28F9 /* Result+Extensions.swift in Sources */,
				6052D335296A1D8B00296822 /* DataRangeResponse.swift in Sources */,
				6096A443295E34A600BB28F9 /* AuthTokenResponse.swift in Sources */,
				6096A44F2960D13600BB28F9 /* AuthTokenRequest.swift in Sources */,
				60185FEB294FE9FA00EE3E8C /* UserView.swift in Sources */,
				6096A42C295CE66000BB28F9 /* HTTPHeaders.swift in Sources */,
				60185FFC2959241700EE3E8C /* LineChart.swift in Sources */,
				6096A447295E3E6000BB28F9 /* Data+Extensions.swift in Sources */,
				6096A45B2962B2A200BB28F9 /* AuthClient.swift in Sources */,
				60185FF72958EDA800EE3E8C /* InfoType.swift in Sources */,
				6052D32D296A175900296822 /* CalibrationsResponse.swift in Sources */,
				6096A433295E1BBE00BB28F9 /* Environment.swift in Sources */,
				6096A439295E1EC200BB28F9 /* Optional+Extensions.swift in Sources */,
				6096A423295CDA5700BB28F9 /* URL+Extensions.swift in Sources */,
				6096A441295E2C6D00BB28F9 /* Codable+Extensions.swift in Sources */,
				60185FF229511B7700EE3E8C /* Trend.swift in Sources */,
				60186001295A3E7200EE3E8C /* AnalyticsView.swift in Sources */,
				60185FEE29511B2700EE3E8C /* ImageTrendView.swift in Sources */,
				6096A4512960F52700BB28F9 /* DexcomApi.swift in Sources */,
				6096A4652968E62200BB28F9 /* GlucoseValuesResponse.swift in Sources */,
				60185FF52958E9A800EE3E8C /* InfoView.swift in Sources */,
				6096A45F2962B4FF00BB28F9 /* URLSession+Extensions.swift in Sources */,
				6096A42F295E1B3B00BB28F9 /* Injector.swift in Sources */,
				6096A42A295CE5C000BB28F9 /* HTTPMethod.swift in Sources */,
				60185FD5294FC72500EE3E8C /* Dexcom_MonitorApp.swift in Sources */,
				6096A45D2962B31400BB28F9 /* NetworkSession.swift in Sources */,
				60185FFF295A2C6B00EE3E8C /* TabBarView.swift in Sources */,
				60185FFA2959223400EE3E8C /* GraphView.swift in Sources */,
			);
			runOnlyForDeploymentPostprocessing = 0;
		};
/* End PBXSourcesBuildPhase section */

/* Begin XCBuildConfiguration section */
		60185FDE294FC72600EE3E8C /* Debug */ = {
			isa = XCBuildConfiguration;
			buildSettings = {
				ALWAYS_SEARCH_USER_PATHS = NO;
				CLANG_ANALYZER_NONNULL = YES;
				CLANG_ANALYZER_NUMBER_OBJECT_CONVERSION = YES_AGGRESSIVE;
				CLANG_CXX_LANGUAGE_STANDARD = "gnu++20";
				CLANG_ENABLE_MODULES = YES;
				CLANG_ENABLE_OBJC_ARC = YES;
				CLANG_ENABLE_OBJC_WEAK = YES;
				CLANG_WARN_BLOCK_CAPTURE_AUTORELEASING = YES;
				CLANG_WARN_BOOL_CONVERSION = YES;
				CLANG_WARN_COMMA = YES;
				CLANG_WARN_CONSTANT_CONVERSION = YES;
				CLANG_WARN_DEPRECATED_OBJC_IMPLEMENTATIONS = YES;
				CLANG_WARN_DIRECT_OBJC_ISA_USAGE = YES_ERROR;
				CLANG_WARN_DOCUMENTATION_COMMENTS = YES;
				CLANG_WARN_EMPTY_BODY = YES;
				CLANG_WARN_ENUM_CONVERSION = YES;
				CLANG_WARN_INFINITE_RECURSION = YES;
				CLANG_WARN_INT_CONVERSION = YES;
				CLANG_WARN_NON_LITERAL_NULL_CONVERSION = YES;
				CLANG_WARN_OBJC_IMPLICIT_RETAIN_SELF = YES;
				CLANG_WARN_OBJC_LITERAL_CONVERSION = YES;
				CLANG_WARN_OBJC_ROOT_CLASS = YES_ERROR;
				CLANG_WARN_QUOTED_INCLUDE_IN_FRAMEWORK_HEADER = YES;
				CLANG_WARN_RANGE_LOOP_ANALYSIS = YES;
				CLANG_WARN_STRICT_PROTOTYPES = YES;
				CLANG_WARN_SUSPICIOUS_MOVE = YES;
				CLANG_WARN_UNGUARDED_AVAILABILITY = YES_AGGRESSIVE;
				CLANG_WARN_UNREACHABLE_CODE = YES;
				CLANG_WARN__DUPLICATE_METHOD_MATCH = YES;
				COPY_PHASE_STRIP = NO;
				DEBUG_INFORMATION_FORMAT = dwarf;
				ENABLE_STRICT_OBJC_MSGSEND = YES;
				ENABLE_TESTABILITY = YES;
				GCC_C_LANGUAGE_STANDARD = gnu11;
				GCC_DYNAMIC_NO_PIC = NO;
				GCC_NO_COMMON_BLOCKS = YES;
				GCC_OPTIMIZATION_LEVEL = 0;
				GCC_PREPROCESSOR_DEFINITIONS = (
					"DEBUG=1",
					"$(inherited)",
				);
				GCC_WARN_64_TO_32_BIT_CONVERSION = YES;
				GCC_WARN_ABOUT_RETURN_TYPE = YES_ERROR;
				GCC_WARN_UNDECLARED_SELECTOR = YES;
				GCC_WARN_UNINITIALIZED_AUTOS = YES_AGGRESSIVE;
				GCC_WARN_UNUSED_FUNCTION = YES;
				GCC_WARN_UNUSED_VARIABLE = YES;
				MTL_ENABLE_DEBUG_INFO = INCLUDE_SOURCE;
				MTL_FAST_MATH = YES;
				ONLY_ACTIVE_ARCH = YES;
				SWIFT_ACTIVE_COMPILATION_CONDITIONS = DEBUG;
				SWIFT_OPTIMIZATION_LEVEL = "-Onone";
			};
			name = Debug;
		};
		60185FDF294FC72600EE3E8C /* Release */ = {
			isa = XCBuildConfiguration;
			buildSettings = {
				ALWAYS_SEARCH_USER_PATHS = NO;
				CLANG_ANALYZER_NONNULL = YES;
				CLANG_ANALYZER_NUMBER_OBJECT_CONVERSION = YES_AGGRESSIVE;
				CLANG_CXX_LANGUAGE_STANDARD = "gnu++20";
				CLANG_ENABLE_MODULES = YES;
				CLANG_ENABLE_OBJC_ARC = YES;
				CLANG_ENABLE_OBJC_WEAK = YES;
				CLANG_WARN_BLOCK_CAPTURE_AUTORELEASING = YES;
				CLANG_WARN_BOOL_CONVERSION = YES;
				CLANG_WARN_COMMA = YES;
				CLANG_WARN_CONSTANT_CONVERSION = YES;
				CLANG_WARN_DEPRECATED_OBJC_IMPLEMENTATIONS = YES;
				CLANG_WARN_DIRECT_OBJC_ISA_USAGE = YES_ERROR;
				CLANG_WARN_DOCUMENTATION_COMMENTS = YES;
				CLANG_WARN_EMPTY_BODY = YES;
				CLANG_WARN_ENUM_CONVERSION = YES;
				CLANG_WARN_INFINITE_RECURSION = YES;
				CLANG_WARN_INT_CONVERSION = YES;
				CLANG_WARN_NON_LITERAL_NULL_CONVERSION = YES;
				CLANG_WARN_OBJC_IMPLICIT_RETAIN_SELF = YES;
				CLANG_WARN_OBJC_LITERAL_CONVERSION = YES;
				CLANG_WARN_OBJC_ROOT_CLASS = YES_ERROR;
				CLANG_WARN_QUOTED_INCLUDE_IN_FRAMEWORK_HEADER = YES;
				CLANG_WARN_RANGE_LOOP_ANALYSIS = YES;
				CLANG_WARN_STRICT_PROTOTYPES = YES;
				CLANG_WARN_SUSPICIOUS_MOVE = YES;
				CLANG_WARN_UNGUARDED_AVAILABILITY = YES_AGGRESSIVE;
				CLANG_WARN_UNREACHABLE_CODE = YES;
				CLANG_WARN__DUPLICATE_METHOD_MATCH = YES;
				COPY_PHASE_STRIP = NO;
				DEBUG_INFORMATION_FORMAT = "dwarf-with-dsym";
				ENABLE_NS_ASSERTIONS = NO;
				ENABLE_STRICT_OBJC_MSGSEND = YES;
				GCC_C_LANGUAGE_STANDARD = gnu11;
				GCC_NO_COMMON_BLOCKS = YES;
				GCC_WARN_64_TO_32_BIT_CONVERSION = YES;
				GCC_WARN_ABOUT_RETURN_TYPE = YES_ERROR;
				GCC_WARN_UNDECLARED_SELECTOR = YES;
				GCC_WARN_UNINITIALIZED_AUTOS = YES_AGGRESSIVE;
				GCC_WARN_UNUSED_FUNCTION = YES;
				GCC_WARN_UNUSED_VARIABLE = YES;
				MTL_ENABLE_DEBUG_INFO = NO;
				MTL_FAST_MATH = YES;
				SWIFT_COMPILATION_MODE = wholemodule;
				SWIFT_OPTIMIZATION_LEVEL = "-O";
			};
			name = Release;
		};
		60185FE1294FC72600EE3E8C /* Debug */ = {
			isa = XCBuildConfiguration;
			buildSettings = {
				ASSETCATALOG_COMPILER_APPICON_NAME = AppIcon;
				ASSETCATALOG_COMPILER_GLOBAL_ACCENT_COLOR_NAME = AccentColor;
				CODE_SIGN_ENTITLEMENTS = "Dexcom Monitor/Dexcom_Monitor.entitlements";
				CODE_SIGN_STYLE = Automatic;
				CURRENT_PROJECT_VERSION = 1;
				DEVELOPMENT_ASSET_PATHS = "\"Dexcom Monitor/Preview Content\"";
				DEVELOPMENT_TEAM = 6J46PX2924;
				ENABLE_HARDENED_RUNTIME = YES;
				ENABLE_PREVIEWS = YES;
				GENERATE_INFOPLIST_FILE = YES;
				INFOPLIST_FILE = "Dexcom-Monitor-Info.plist";
				INFOPLIST_KEY_LSApplicationCategoryType = "public.app-category.healthcare-fitness";
				"INFOPLIST_KEY_UIApplicationSceneManifest_Generation[sdk=iphoneos*]" = YES;
				"INFOPLIST_KEY_UIApplicationSceneManifest_Generation[sdk=iphonesimulator*]" = YES;
				"INFOPLIST_KEY_UIApplicationSupportsIndirectInputEvents[sdk=iphoneos*]" = YES;
				"INFOPLIST_KEY_UIApplicationSupportsIndirectInputEvents[sdk=iphonesimulator*]" = YES;
				"INFOPLIST_KEY_UILaunchScreen_Generation[sdk=iphoneos*]" = YES;
				"INFOPLIST_KEY_UILaunchScreen_Generation[sdk=iphonesimulator*]" = YES;
				"INFOPLIST_KEY_UIStatusBarStyle[sdk=iphoneos*]" = UIStatusBarStyleDefault;
				"INFOPLIST_KEY_UIStatusBarStyle[sdk=iphonesimulator*]" = UIStatusBarStyleDefault;
				INFOPLIST_KEY_UISupportedInterfaceOrientations_iPad = "UIInterfaceOrientationPortrait UIInterfaceOrientationPortraitUpsideDown UIInterfaceOrientationLandscapeLeft UIInterfaceOrientationLandscapeRight";
				INFOPLIST_KEY_UISupportedInterfaceOrientations_iPhone = "UIInterfaceOrientationPortrait UIInterfaceOrientationLandscapeLeft UIInterfaceOrientationLandscapeRight";
				IPHONEOS_DEPLOYMENT_TARGET = 16.0;
				LD_RUNPATH_SEARCH_PATHS = "@executable_path/Frameworks";
				"LD_RUNPATH_SEARCH_PATHS[sdk=macosx*]" = "@executable_path/../Frameworks";
				MACOSX_DEPLOYMENT_TARGET = 12.3;
				MARKETING_VERSION = 1.0;
				PRODUCT_BUNDLE_IDENTIFIER = "dev.jamesfurlong.Dexcom-Monitor";
				PRODUCT_NAME = "$(TARGET_NAME)";
				SDKROOT = auto;
				SUPPORTED_PLATFORMS = "iphoneos iphonesimulator macosx";
				SWIFT_EMIT_LOC_STRINGS = YES;
				SWIFT_VERSION = 5.0;
				TARGETED_DEVICE_FAMILY = "1,2";
			};
			name = Debug;
		};
		60185FE2294FC72600EE3E8C /* Release */ = {
			isa = XCBuildConfiguration;
			buildSettings = {
				ASSETCATALOG_COMPILER_APPICON_NAME = AppIcon;
				ASSETCATALOG_COMPILER_GLOBAL_ACCENT_COLOR_NAME = AccentColor;
				CODE_SIGN_ENTITLEMENTS = "Dexcom Monitor/Dexcom_Monitor.entitlements";
				CODE_SIGN_IDENTITY = "Apple Development";
				CODE_SIGN_STYLE = Automatic;
				CURRENT_PROJECT_VERSION = 1;
				DEVELOPMENT_ASSET_PATHS = "\"Dexcom Monitor/Preview Content\"";
				DEVELOPMENT_TEAM = 6J46PX2924;
				ENABLE_HARDENED_RUNTIME = YES;
				ENABLE_PREVIEWS = YES;
				GENERATE_INFOPLIST_FILE = YES;
				INFOPLIST_FILE = "Dexcom-Monitor-Info.plist";
				INFOPLIST_KEY_LSApplicationCategoryType = "public.app-category.healthcare-fitness";
				"INFOPLIST_KEY_UIApplicationSceneManifest_Generation[sdk=iphoneos*]" = YES;
				"INFOPLIST_KEY_UIApplicationSceneManifest_Generation[sdk=iphonesimulator*]" = YES;
				"INFOPLIST_KEY_UIApplicationSupportsIndirectInputEvents[sdk=iphoneos*]" = YES;
				"INFOPLIST_KEY_UIApplicationSupportsIndirectInputEvents[sdk=iphonesimulator*]" = YES;
				"INFOPLIST_KEY_UILaunchScreen_Generation[sdk=iphoneos*]" = YES;
				"INFOPLIST_KEY_UILaunchScreen_Generation[sdk=iphonesimulator*]" = YES;
				"INFOPLIST_KEY_UIStatusBarStyle[sdk=iphoneos*]" = UIStatusBarStyleDefault;
				"INFOPLIST_KEY_UIStatusBarStyle[sdk=iphonesimulator*]" = UIStatusBarStyleDefault;
				INFOPLIST_KEY_UISupportedInterfaceOrientations_iPad = "UIInterfaceOrientationPortrait UIInterfaceOrientationPortraitUpsideDown UIInterfaceOrientationLandscapeLeft UIInterfaceOrientationLandscapeRight";
				INFOPLIST_KEY_UISupportedInterfaceOrientations_iPhone = "UIInterfaceOrientationPortrait UIInterfaceOrientationLandscapeLeft UIInterfaceOrientationLandscapeRight";
				IPHONEOS_DEPLOYMENT_TARGET = 16.0;
				LD_RUNPATH_SEARCH_PATHS = "@executable_path/Frameworks";
				"LD_RUNPATH_SEARCH_PATHS[sdk=macosx*]" = "@executable_path/../Frameworks";
				MACOSX_DEPLOYMENT_TARGET = 12.3;
				MARKETING_VERSION = 1.0;
				PRODUCT_BUNDLE_IDENTIFIER = "dev.jamesfurlong.Dexcom-Monitor";
				PRODUCT_NAME = "$(TARGET_NAME)";
				PROVISIONING_PROFILE_SPECIFIER = "";
				SDKROOT = auto;
				SUPPORTED_PLATFORMS = "iphoneos iphonesimulator macosx";
				SWIFT_EMIT_LOC_STRINGS = YES;
				SWIFT_VERSION = 5.0;
				TARGETED_DEVICE_FAMILY = "1,2";
			};
			name = Release;
		};
/* End XCBuildConfiguration section */

/* Begin XCConfigurationList section */
		60185FCC294FC72500EE3E8C /* Build configuration list for PBXProject "Dexcom Monitor" */ = {
			isa = XCConfigurationList;
			buildConfigurations = (
				60185FDE294FC72600EE3E8C /* Debug */,
				60185FDF294FC72600EE3E8C /* Release */,
			);
			defaultConfigurationIsVisible = 0;
			defaultConfigurationName = Release;
		};
		60185FE0294FC72600EE3E8C /* Build configuration list for PBXNativeTarget "Dexcom Monitor" */ = {
			isa = XCConfigurationList;
			buildConfigurations = (
				60185FE1294FC72600EE3E8C /* Debug */,
				60185FE2294FC72600EE3E8C /* Release */,
			);
			defaultConfigurationIsVisible = 0;
			defaultConfigurationName = Release;
		};
/* End XCConfigurationList section */
	};
	rootObject = 60185FC9294FC72500EE3E8C /* Project object */;
}
